
Microsoft Visual Studio Solution File, Format Version 12.00
# Visual Studio Version 16
VisualStudioVersion = 16.0.30804.86
MinimumVisualStudioVersion = 10.0.40219.1
Project("{FAE04EC0-301F-11D3-BF4B-00C04F79EFBC}") = "LMS.Web", "LMS.Web\LMS.Web.csproj", "{CCB159C6-64AD-46A6-916D-4AC445C2BD62}"
EndProject
Project("{FAE04EC0-301F-11D3-BF4B-00C04F79EFBC}") = "LMS.Web.BAL", "LMS.Web.BAL\LMS.Web.BAL.csproj", "{4422F201-0595-43B2-B720-BADF1C9C72AB}"
EndProject
Project("{FAE04EC0-301F-11D3-BF4B-00C04F79EFBC}") = "LMS.Web.DAL", "LMS.Web.DAL\LMS.Web.DAL.csproj", "{AC17C065-7CFA-46FF-BDDF-AE7FDA8C691C}"
EndProject
Project("{FAE04EC0-301F-11D3-BF4B-00C04F79EFBC}") = "LMS.Api", "LMS.Api\LMS.Api.csproj", "{D20E20A1-13AE-42D1-BBC3-16B089037D52}"
EndProject
Project("{FAE04EC0-301F-11D3-BF4B-00C04F79EFBC}") = "LMS.Api.BAL", "LMS.Api.BAL\LMS.Api.BAL.csproj", "{440C2FFA-6BB6-47EA-9511-73D9D174D583}"
EndProject
Project("{FAE04EC0-301F-11D3-BF4B-00C04F79EFBC}") = "LMS.Api.DAL", "LMS.Api.DAL\LMS.Api.DAL.csproj", "{3CE6D8FC-6A32-4902-ADC9-C32EB2C7CAA8}"
EndProject
Project("{FAE04EC0-301F-11D3-BF4B-00C04F79EFBC}") = "LMS.Common", "LMS.Common\LMS.Common.csproj", "{8E2059A6-30E5-4B4C-A230-2BFA4C17C533}"
EndProject
Project("{FAE04EC0-301F-11D3-BF4B-00C04F79EFBC}") = "LMS.Web.UnitTests", "LMS.Web.UnitTests\LMS.Web.UnitTests.csproj", "{EADFD718-C3DB-4A08-BC20-A318894B093C}"
EndProject
Global
	GlobalSection(SolutionConfigurationPlatforms) = preSolution
		Debug|Any CPU = Debug|Any CPU
		Release|Any CPU = Release|Any CPU
	EndGlobalSection
	GlobalSection(ProjectConfigurationPlatforms) = postSolution
		{CCB159C6-64AD-46A6-916D-4AC445C2BD62}.Debug|Any CPU.ActiveCfg = Debug|Any CPU
		{CCB159C6-64AD-46A6-916D-4AC445C2BD62}.Debug|Any CPU.Build.0 = Debug|Any CPU
		{CCB159C6-64AD-46A6-916D-4AC445C2BD62}.Release|Any CPU.ActiveCfg = Release|Any CPU
		{CCB159C6-64AD-46A6-916D-4AC445C2BD62}.Release|Any CPU.Build.0 = Release|Any CPU
		{4422F201-0595-43B2-B720-BADF1C9C72AB}.Debug|Any CPU.ActiveCfg = Debug|Any CPU
		{4422F201-0595-43B2-B720-BADF1C9C72AB}.Debug|Any CPU.Build.0 = Debug|Any CPU
		{4422F201-0595-43B2-B720-BADF1C9C72AB}.Release|Any CPU.ActiveCfg = Release|Any CPU
		{4422F201-0595-43B2-B720-BADF1C9C72AB}.Release|Any CPU.Build.0 = Release|Any CPU
		{AC17C065-7CFA-46FF-BDDF-AE7FDA8C691C}.Debug|Any CPU.ActiveCfg = Debug|Any CPU
		{AC17C065-7CFA-46FF-BDDF-AE7FDA8C691C}.Debug|Any CPU.Build.0 = Debug|Any CPU
		{AC17C065-7CFA-46FF-BDDF-AE7FDA8C691C}.Release|Any CPU.ActiveCfg = Release|Any CPU
		{AC17C065-7CFA-46FF-BDDF-AE7FDA8C691C}.Release|Any CPU.Build.0 = Release|Any CPU
		{D20E20A1-13AE-42D1-BBC3-16B089037D52}.Debug|Any CPU.ActiveCfg = Debug|Any CPU
		{D20E20A1-13AE-42D1-BBC3-16B089037D52}.Debug|Any CPU.Build.0 = Debug|Any CPU
		{D20E20A1-13AE-42D1-BBC3-16B089037D52}.Release|Any CPU.ActiveCfg = Release|Any CPU
		{D20E20A1-13AE-42D1-BBC3-16B089037D52}.Release|Any CPU.Build.0 = Release|Any CPU
		{440C2FFA-6BB6-47EA-9511-73D9D174D583}.Debug|Any CPU.ActiveCfg = Debug|Any CPU
		{440C2FFA-6BB6-47EA-9511-73D9D174D583}.Debug|Any CPU.Build.0 = Debug|Any CPU
		{440C2FFA-6BB6-47EA-9511-73D9D174D583}.Release|Any CPU.ActiveCfg = Release|Any CPU
		{440C2FFA-6BB6-47EA-9511-73D9D174D583}.Release|Any CPU.Build.0 = Release|Any CPU
		{3CE6D8FC-6A32-4902-ADC9-C32EB2C7CAA8}.Debug|Any CPU.ActiveCfg = Debug|Any CPU
		{3CE6D8FC-6A32-4902-ADC9-C32EB2C7CAA8}.Debug|Any CPU.Build.0 = Debug|Any CPU
		{3CE6D8FC-6A32-4902-ADC9-C32EB2C7CAA8}.Release|Any CPU.ActiveCfg = Release|Any CPU
		{3CE6D8FC-6A32-4902-ADC9-C32EB2C7CAA8}.Release|Any CPU.Build.0 = Release|Any CPU
		{8E2059A6-30E5-4B4C-A230-2BFA4C17C533}.Debug|Any CPU.ActiveCfg = Debug|Any CPU
		{8E2059A6-30E5-4B4C-A230-2BFA4C17C533}.Debug|Any CPU.Build.0 = Debug|Any CPU
		{8E2059A6-30E5-4B4C-A230-2BFA4C17C533}.Release|Any CPU.ActiveCfg = Release|Any CPU
		{8E2059A6-30E5-4B4C-A230-2BFA4C17C533}.Release|Any CPU.Build.0 = Release|Any CPU
		{EADFD718-C3DB-4A08-BC20-A318894B093C}.Debug|Any CPU.ActiveCfg = Debug|Any CPU
		{EADFD718-C3DB-4A08-BC20-A318894B093C}.Debug|Any CPU.Build.0 = Debug|Any CPU
		{EADFD718-C3DB-4A08-BC20-A318894B093C}.Release|Any CPU.ActiveCfg = Release|Any CPU
		{EADFD718-C3DB-4A08-BC20-A318894B093C}.Release|Any CPU.Build.0 = Release|Any CPU
	EndGlobalSection
	GlobalSection(SolutionProperties) = preSolution
		HideSolutionNode = FALSE
	EndGlobalSection
	GlobalSection(ExtensibilityGlobals) = postSolution
		SolutionGuid = {D531F974-F1DE-43CF-AE50-202F177FD755}
	EndGlobalSection
EndGlobal
